
Microsoft Visual Studio Solution File, Format Version 12.00
# Visual Studio 15
VisualStudioVersion = 15.0.28010.2050
MinimumVisualStudioVersion = 10.0.40219.1
Project("{FAE04EC0-301F-11D3-BF4B-00C04F79EFBC}") = "ExceptionTest", "ExceptionTest\ExceptionTest.csproj", "{8FB6FD2F-6D4F-436A-A669-B2F765131449}"
EndProject
Project("{FAE04EC0-301F-11D3-BF4B-00C04F79EFBC}") = "GunDecorations", "GunDecorations\GunDecorations.csproj", "{A8DE294F-74AF-4E0E-840C-BDAA3364E6E1}"
EndProject
Global
	GlobalSection(SolutionConfigurationPlatforms) = preSolution
		Debug|Any CPU = Debug|Any CPU
		Release|Any CPU = Release|Any CPU
	EndGlobalSection
	GlobalSection(ProjectConfigurationPlatforms) = postSolution
		{8FB6FD2F-6D4F-436A-A669-B2F765131449}.Debug|Any CPU.ActiveCfg = Debug|Any CPU
		{8FB6FD2F-6D4F-436A-A669-B2F765131449}.Debug|Any CPU.Build.0 = Debug|Any CPU
		{8FB6FD2F-6D4F-436A-A669-B2F765131449}.Release|Any CPU.ActiveCfg = Release|Any CPU
		{8FB6FD2F-6D4F-436A-A669-B2F765131449}.Release|Any CPU.Build.0 = Release|Any CPU
		{A8DE294F-74AF-4E0E-840C-BDAA3364E6E1}.Debug|Any CPU.ActiveCfg = Debug|Any CPU
		{A8DE294F-74AF-4E0E-840C-BDAA3364E6E1}.Debug|Any CPU.Build.0 = Debug|Any CPU
		{A8DE294F-74AF-4E0E-840C-BDAA3364E6E1}.Release|Any CPU.ActiveCfg = Release|Any CPU
		{A8DE294F-74AF-4E0E-840C-BDAA3364E6E1}.Release|Any CPU.Build.0 = Release|Any CPU
	EndGlobalSection
	GlobalSection(SolutionProperties) = preSolution
		HideSolutionNode = FALSE
	EndGlobalSection
	GlobalSection(ExtensibilityGlobals) = postSolution
		SolutionGuid = {99D5EC64-CEEB-4366-BF80-4A7BB0FEDA8E}
	EndGlobalSection
EndGlobal
